// !$*UTF8*$!
{
	archiveVersion = 1;
	classes = {
	};
	objectVersion = 46;
	objects = {

/* Begin PBXBuildFile section */
		F49EA1A81E47440F001091E5 /* AppDelegate.swift in Sources */ = {isa = PBXBuildFile; fileRef = F49EA1A71E47440F001091E5 /* AppDelegate.swift */; };
		F49EA1AA1E47440F001091E5 /* ViewController.swift in Sources */ = {isa = PBXBuildFile; fileRef = F49EA1A91E47440F001091E5 /* ViewController.swift */; };
		F49EA1AD1E47440F001091E5 /* Main.storyboard in Resources */ = {isa = PBXBuildFile; fileRef = F49EA1AB1E47440F001091E5 /* Main.storyboard */; };
		F49EA1AF1E47440F001091E5 /* Assets.xcassets in Resources */ = {isa = PBXBuildFile; fileRef = F49EA1AE1E47440F001091E5 /* Assets.xcassets */; };
		F49EA1B21E47440F001091E5 /* LaunchScreen.storyboard in Resources */ = {isa = PBXBuildFile; fileRef = F49EA1B01E47440F001091E5 /* LaunchScreen.storyboard */; };
		F49EA1BD1E47440F001091E5 /* FirstHelloTests.swift in Sources */ = {isa = PBXBuildFile; fileRef = F49EA1BC1E47440F001091E5 /* FirstHelloTests.swift */; };
		F49EA1C81E474410001091E5 /* FirstHelloUITests.swift in Sources */ = {isa = PBXBuildFile; fileRef = F49EA1C71E474410001091E5 /* FirstHelloUITests.swift */; };
/* End PBXBuildFile section */

/* Begin PBXContainerItemProxy section */
		F49EA1B91E47440F001091E5 /* PBXContainerItemProxy */ = {
			isa = PBXContainerItemProxy;
			containerPortal = F49EA19C1E47440F001091E5 /* Project object */;
			proxyType = 1;
			remoteGlobalIDString = F49EA1A31E47440F001091E5;
			remoteInfo = FirstHello;
		};
		F49EA1C41E47440F001091E5 /* PBXContainerItemProxy */ = {
			isa = PBXContainerItemProxy;
			containerPortal = F49EA19C1E47440F001091E5 /* Project object */;
			proxyType = 1;
			remoteGlobalIDString = F49EA1A31E47440F001091E5;
			remoteInfo = FirstHello;
		};
/* End PBXContainerItemProxy section */

/* Begin PBXFileReference section */
		F49EA1A41E47440F001091E5 /* FirstHello.app */ = {isa = PBXFileReference; explicitFileType = wrapper.application; includeInIndex = 0; path = FirstHello.app; sourceTree = BUILT_PRODUCTS_DIR; };
		F49EA1A71E47440F001091E5 /* AppDelegate.swift */ = {isa = PBXFileReference; lastKnownFileType = sourcecode.swift; path = AppDelegate.swift; sourceTree = "<group>"; };
		F49EA1A91E47440F001091E5 /* ViewController.swift */ = {isa = PBXFileReference; lastKnownFileType = sourcecode.swift; path = ViewController.swift; sourceTree = "<group>"; };
		F49EA1AC1E47440F001091E5 /* Base */ = {isa = PBXFileReference; lastKnownFileType = file.storyboard; name = Base; path = Base.lproj/Main.storyboard; sourceTree = "<group>"; };
		F49EA1AE1E47440F001091E5 /* Assets.xcassets */ = {isa = PBXFileReference; lastKnownFileType = folder.assetcatalog; path = Assets.xcassets; sourceTree = "<group>"; };
		F49EA1B11E47440F001091E5 /* Base */ = {isa = PBXFileReference; lastKnownFileType = file.storyboard; name = Base; path = Base.lproj/LaunchScreen.storyboard; sourceTree = "<group>"; };
		F49EA1B31E47440F001091E5 /* Info.plist */ = {isa = PBXFileReference; lastKnownFileType = text.plist.xml; path = Info.plist; sourceTree = "<group>"; };
		F49EA1B81E47440F001091E5 /* FirstHelloTests.xctest */ = {isa = PBXFileReference; explicitFileType = wrapper.cfbundle; includeInIndex = 0; path = FirstHelloTests.xctest; sourceTree = BUILT_PRODUCTS_DIR; };
		F49EA1BC1E47440F001091E5 /* FirstHelloTests.swift */ = {isa = PBXFileReference; lastKnownFileType = sourcecode.swift; path = FirstHelloTests.swift; sourceTree = "<group>"; };
		F49EA1BE1E47440F001091E5 /* Info.plist */ = {isa = PBXFileReference; lastKnownFileType = text.plist.xml; path = Info.plist; sourceTree = "<group>"; };
		F49EA1C31E47440F001091E5 /* FirstHelloUITests.xctest */ = {isa = PBXFileReference; explicitFileType = wrapper.cfbundle; includeInIndex = 0; path = FirstHelloUITests.xctest; sourceTree = BUILT_PRODUCTS_DIR; };
		F49EA1C71E474410001091E5 /* FirstHelloUITests.swift */ = {isa = PBXFileReference; lastKnownFileType = sourcecode.swift; path = FirstHelloUITests.swift; sourceTree = "<group>"; };
		F49EA1C91E474410001091E5 /* Info.plist */ = {isa = PBXFileReference; lastKnownFileType = text.plist.xml; path = Info.plist; sourceTree = "<group>"; };
/* End PBXFileReference section */

/* Begin PBXFrameworksBuildPhase section */
		F49EA1A11E47440F001091E5 /* Frameworks */ = {
			isa = PBXFrameworksBuildPhase;
			buildActionMask = 2147483647;
			files = (
			);
			runOnlyForDeploymentPostprocessing = 0;
		};
		F49EA1B51E47440F001091E5 /* Frameworks */ = {
			isa = PBXFrameworksBuildPhase;
			buildActionMask = 2147483647;
			files = (
			);
			runOnlyForDeploymentPostprocessing = 0;
		};
		F49EA1C01E47440F001091E5 /* Frameworks */ = {
			isa = PBXFrameworksBuildPhase;
			buildActionMask = 2147483647;
			files = (
			);
			runOnlyForDeploymentPostprocessing = 0;
		};
/* End PBXFrameworksBuildPhase section */

/* Begin PBXGroup section */
		F49EA19B1E47440F001091E5 = {
			isa = PBXGroup;
			children = (
				F49EA1A61E47440F001091E5 /* FirstHello */,
				F49EA1BB1E47440F001091E5 /* FirstHelloTests */,
				F49EA1C61E474410001091E5 /* FirstHelloUITests */,
				F49EA1A51E47440F001091E5 /* Products */,
			);
			sourceTree = "<group>";
		};
		F49EA1A51E47440F001091E5 /* Products */ = {
			isa = PBXGroup;
			children = (
				F49EA1A41E47440F001091E5 /* FirstHello.app */,
				F49EA1B81E47440F001091E5 /* FirstHelloTests.xctest */,
				F49EA1C31E47440F001091E5 /* FirstHelloUITests.xctest */,
			);
			name = Products;
			sourceTree = "<group>";
		};
		F49EA1A61E47440F001091E5 /* FirstHello */ = {
			isa = PBXGroup;
			children = (
				F49EA1A71E47440F001091E5 /* AppDelegate.swift */,
				F49EA1A91E47440F001091E5 /* ViewController.swift */,
				F49EA1AB1E47440F001091E5 /* Main.storyboard */,
				F49EA1AE1E47440F001091E5 /* Assets.xcassets */,
				F49EA1B01E47440F001091E5 /* LaunchScreen.storyboard */,
				F49EA1B31E47440F001091E5 /* Info.plist */,
			);
			path = FirstHello;
			sourceTree = "<group>";
		};
		F49EA1BB1E47440F001091E5 /* FirstHelloTests */ = {
			isa = PBXGroup;
			children = (
				F49EA1BC1E47440F001091E5 /* FirstHelloTests.swift */,
				F49EA1BE1E47440F001091E5 /* Info.plist */,
			);
			path = FirstHelloTests;
			sourceTree = "<group>";
		};
		F49EA1C61E474410001091E5 /* FirstHelloUITests */ = {
			isa = PBXGroup;
			children = (
				F49EA1C71E474410001091E5 /* FirstHelloUITests.swift */,
				F49EA1C91E474410001091E5 /* Info.plist */,
			);
			path = FirstHelloUITests;
			sourceTree = "<group>";
		};
/* End PBXGroup section */

/* Begin PBXNativeTarget section */
		F49EA1A31E47440F001091E5 /* FirstHello */ = {
			isa = PBXNativeTarget;
			buildConfigurationList = F49EA1CC1E474410001091E5 /* Build configuration list for PBXNativeTarget "FirstHello" */;
			buildPhases = (
				F49EA1A01E47440F001091E5 /* Sources */,
				F49EA1A11E47440F001091E5 /* Frameworks */,
				F49EA1A21E47440F001091E5 /* Resources */,
			);
			buildRules = (
			);
			dependencies = (
			);
			name = FirstHello;
			productName = FirstHello;
			productReference = F49EA1A41E47440F001091E5 /* FirstHello.app */;
			productType = "com.apple.product-type.application";
		};
		F49EA1B71E47440F001091E5 /* FirstHelloTests */ = {
			isa = PBXNativeTarget;
			buildConfigurationList = F49EA1CF1E474410001091E5 /* Build configuration list for PBXNativeTarget "FirstHelloTests" */;
			buildPhases = (
				F49EA1B41E47440F001091E5 /* Sources */,
				F49EA1B51E47440F001091E5 /* Frameworks */,
				F49EA1B61E47440F001091E5 /* Resources */,
			);
			buildRules = (
			);
			dependencies = (
				F49EA1BA1E47440F001091E5 /* PBXTargetDependency */,
			);
			name = FirstHelloTests;
			productName = FirstHelloTests;
			productReference = F49EA1B81E47440F001091E5 /* FirstHelloTests.xctest */;
			productType = "com.apple.product-type.bundle.unit-test";
		};
		F49EA1C21E47440F001091E5 /* FirstHelloUITests */ = {
			isa = PBXNativeTarget;
			buildConfigurationList = F49EA1D21E474410001091E5 /* Build configuration list for PBXNativeTarget "FirstHelloUITests" */;
			buildPhases = (
				F49EA1BF1E47440F001091E5 /* Sources */,
				F49EA1C01E47440F001091E5 /* Frameworks */,
				F49EA1C11E47440F001091E5 /* Resources */,
			);
			buildRules = (
			);
			dependencies = (
				F49EA1C51E47440F001091E5 /* PBXTargetDependency */,
			);
			name = FirstHelloUITests;
			productName = FirstHelloUITests;
			productReference = F49EA1C31E47440F001091E5 /* FirstHelloUITests.xctest */;
			productType = "com.apple.product-type.bundle.ui-testing";
		};
/* End PBXNativeTarget section */

/* Begin PBXProject section */
		F49EA19C1E47440F001091E5 /* Project object */ = {
			isa = PBXProject;
			attributes = {
				LastSwiftUpdateCheck = 0830;
				LastUpgradeCheck = 0830;
				ORGANIZATIONNAME = gaurav;
				TargetAttributes = {
					F49EA1A31E47440F001091E5 = {
						CreatedOnToolsVersion = 8.3;
						ProvisioningStyle = Automatic;
					};
					F49EA1B71E47440F001091E5 = {
						CreatedOnToolsVersion = 8.3;
						ProvisioningStyle = Automatic;
						TestTargetID = F49EA1A31E47440F001091E5;
					};
					F49EA1C21E47440F001091E5 = {
						CreatedOnToolsVersion = 8.3;
						ProvisioningStyle = Automatic;
						TestTargetID = F49EA1A31E47440F001091E5;
					};
				};
			};
			buildConfigurationList = F49EA19F1E47440F001091E5 /* Build configuration list for PBXProject "FirstHello" */;
			compatibilityVersion = "Xcode 3.2";
			developmentRegion = English;
			hasScannedForEncodings = 0;
			knownRegions = (
				en,
				Base,
			);
			mainGroup = F49EA19B1E47440F001091E5;
			productRefGroup = F49EA1A51E47440F001091E5 /* Products */;
			projectDirPath = "";
			projectRoot = "";
			targets = (
				F49EA1A31E47440F001091E5 /* FirstHello */,
				F49EA1B71E47440F001091E5 /* FirstHelloTests */,
				F49EA1C21E47440F001091E5 /* FirstHelloUITests */,
			);
		};
/* End PBXProject section */

/* Begin PBXResourcesBuildPhase section */
		F49EA1A21E47440F001091E5 /* Resources */ = {
			isa = PBXResourcesBuildPhase;
			buildActionMask = 2147483647;
			files = (
				F49EA1B21E47440F001091E5 /* LaunchScreen.storyboard in Resources */,
				F49EA1AF1E47440F001091E5 /* Assets.xcassets in Resources */,
				F49EA1AD1E47440F001091E5 /* Main.storyboard in Resources */,
			);
			runOnlyForDeploymentPostprocessing = 0;
		};
		F49EA1B61E47440F001091E5 /* Resources */ = {
			isa = PBXResourcesBuildPhase;
			buildActionMask = 2147483647;
			files = (
			);
			runOnlyForDeploymentPostprocessing = 0;
		};
		F49EA1C11E47440F001091E5 /* Resources */ = {
			isa = PBXResourcesBuildPhase;
			buildActionMask = 2147483647;
			files = (
			);
			runOnlyForDeploymentPostprocessing = 0;
		};
/* End PBXResourcesBuildPhase section */

/* Begin PBXSourcesBuildPhase section */
		F49EA1A01E47440F001091E5 /* Sources */ = {
			isa = PBXSourcesBuildPhase;
			buildActionMask = 2147483647;
			files = (
				F49EA1AA1E47440F001091E5 /* ViewController.swift in Sources */,
				F49EA1A81E47440F001091E5 /* AppDelegate.swift in Sources */,
			);
			runOnlyForDeploymentPostprocessing = 0;
		};
		F49EA1B41E47440F001091E5 /* Sources */ = {
			isa = PBXSourcesBuildPhase;
			buildActionMask = 2147483647;
			files = (
				F49EA1BD1E47440F001091E5 /* FirstHelloTests.swift in Sources */,
			);
			runOnlyForDeploymentPostprocessing = 0;
		};
		F49EA1BF1E47440F001091E5 /* Sources */ = {
			isa = PBXSourcesBuildPhase;
			buildActionMask = 2147483647;
			files = (
				F49EA1C81E474410001091E5 /* FirstHelloUITests.swift in Sources */,
			);
			runOnlyForDeploymentPostprocessing = 0;
		};
/* End PBXSourcesBuildPhase section */

/* Begin PBXTargetDependency section */
		F49EA1BA1E47440F001091E5 /* PBXTargetDependency */ = {
			isa = PBXTargetDependency;
			target = F49EA1A31E47440F001091E5 /* FirstHello */;
			targetProxy = F49EA1B91E47440F001091E5 /* PBXContainerItemProxy */;
		};
		F49EA1C51E47440F001091E5 /* PBXTargetDependency */ = {
			isa = PBXTargetDependency;
			target = F49EA1A31E47440F001091E5 /* FirstHello */;
			targetProxy = F49EA1C41E47440F001091E5 /* PBXContainerItemProxy */;
		};
/* End PBXTargetDependency section */

/* Begin PBXVariantGroup section */
		F49EA1AB1E47440F001091E5 /* Main.storyboard */ = {
			isa = PBXVariantGroup;
			children = (
				F49EA1AC1E47440F001091E5 /* Base */,
			);
			name = Main.storyboard;
			sourceTree = "<group>";
		};
		F49EA1B01E47440F001091E5 /* LaunchScreen.storyboard */ = {
			isa = PBXVariantGroup;
			children = (
				F49EA1B11E47440F001091E5 /* Base */,
			);
			name = LaunchScreen.storyboard;
			sourceTree = "<group>";
		};
/* End PBXVariantGroup section */

/* Begin XCBuildConfiguration section */
		F49EA1CA1E474410001091E5 /* Debug */ = {
			isa = XCBuildConfiguration;
			buildSettings = {
				ALWAYS_SEARCH_USER_PATHS = NO;
				CLANG_ANALYZER_NONNULL = YES;
				CLANG_ANALYZER_NUMBER_OBJECT_CONVERSION = YES_AGGRESSIVE;
				CLANG_CXX_LANGUAGE_STANDARD = "gnu++0x";
				CLANG_CXX_LIBRARY = "libc++";
				CLANG_ENABLE_MODULES = YES;
				CLANG_ENABLE_OBJC_ARC = YES;
				CLANG_WARN_BOOL_CONVERSION = YES;
				CLANG_WARN_CONSTANT_CONVERSION = YES;
				CLANG_WARN_DIRECT_OBJC_ISA_USAGE = YES_ERROR;
				CLANG_WARN_DOCUMENTATION_COMMENTS = YES;
				CLANG_WARN_EMPTY_BODY = YES;
				CLANG_WARN_ENUM_CONVERSION = YES;
				CLANG_WARN_INFINITE_RECURSION = YES;
				CLANG_WARN_INT_CONVERSION = YES;
				CLANG_WARN_OBJC_ROOT_CLASS = YES_ERROR;
				CLANG_WARN_SUSPICIOUS_MOVE = YES;
				CLANG_WARN_UNREACHABLE_CODE = YES;
				CLANG_WARN__DUPLICATE_METHOD_MATCH = YES;
				"CODE_SIGN_IDENTITY[sdk=iphoneos*]" = "iPhone Developer";
				COPY_PHASE_STRIP = NO;
				DEBUG_INFORMATION_FORMAT = dwarf;
				ENABLE_STRICT_OBJC_MSGSEND = YES;
				ENABLE_TESTABILITY = YES;
				GCC_C_LANGUAGE_STANDARD = gnu99;
				GCC_DYNAMIC_NO_PIC = NO;
				GCC_NO_COMMON_BLOCKS = YES;
				GCC_OPTIMIZATION_LEVEL = 0;
				GCC_PREPROCESSOR_DEFINITIONS = (
					"DEBUG=1",
					"$(inherited)",
				);
				GCC_WARN_64_TO_32_BIT_CONVERSION = YES;
				GCC_WARN_ABOUT_RETURN_TYPE = YES_ERROR;
				GCC_WARN_UNDECLARED_SELECTOR = YES;
				GCC_WARN_UNINITIALIZED_AUTOS = YES_AGGRESSIVE;
				GCC_WARN_UNUSED_FUNCTION = YES;
				GCC_WARN_UNUSED_VARIABLE = YES;
				IPHONEOS_DEPLOYMENT_TARGET = 10.3;
				MTL_ENABLE_DEBUG_INFO = YES;
				ONLY_ACTIVE_ARCH = YES;
				SDKROOT = iphoneos;
				SWIFT_ACTIVE_COMPILATION_CONDITIONS = DEBUG;
				SWIFT_OPTIMIZATION_LEVEL = "-Onone";
				TARGETED_DEVICE_FAMILY = "1,2";
			};
			name = Debug;
		};
		F49EA1CB1E474410001091E5 /* Release */ = {
			isa = XCBuildConfiguration;
			buildSettings = {
				ALWAYS_SEARCH_USER_PATHS = NO;
				CLANG_ANALYZER_NONNULL = YES;
				CLANG_ANALYZER_NUMBER_OBJECT_CONVERSION = YES_AGGRESSIVE;
				CLANG_CXX_LANGUAGE_STANDARD = "gnu++0x";
				CLANG_CXX_LIBRARY = "libc++";
				CLANG_ENABLE_MODULES = YES;
				CLANG_ENABLE_OBJC_ARC = YES;
				CLANG_WARN_BOOL_CONVERSION = YES;
				CLANG_WARN_CONSTANT_CONVERSION = YES;
				CLANG_WARN_DIRECT_OBJC_ISA_USAGE = YES_ERROR;
				CLANG_WARN_DOCUMENTATION_COMMENTS = YES;
				CLANG_WARN_EMPTY_BODY = YES;
				CLANG_WARN_ENUM_CONVERSION = YES;
				CLANG_WARN_INFINITE_RECURSION = YES;
				CLANG_WARN_INT_CONVERSION = YES;
				CLANG_WARN_OBJC_ROOT_CLASS = YES_ERROR;
				CLANG_WARN_SUSPICIOUS_MOVE = YES;
				CLANG_WARN_UNREACHABLE_CODE = YES;
				CLANG_WARN__DUPLICATE_METHOD_MATCH = YES;
				"CODE_SIGN_IDENTITY[sdk=iphoneos*]" = "iPhone Developer";
				COPY_PHASE_STRIP = NO;
				DEBUG_INFORMATION_FORMAT = "dwarf-with-dsym";
				ENABLE_NS_ASSERTIONS = NO;
				ENABLE_STRICT_OBJC_MSGSEND = YES;
				GCC_C_LANGUAGE_STANDARD = gnu99;
				GCC_NO_COMMON_BLOCKS = YES;
				GCC_WARN_64_TO_32_BIT_CONVERSION = YES;
				GCC_WARN_ABOUT_RETURN_TYPE = YES_ERROR;
				GCC_WARN_UNDECLARED_SELECTOR = YES;
				GCC_WARN_UNINITIALIZED_AUTOS = YES_AGGRESSIVE;
				GCC_WARN_UNUSED_FUNCTION = YES;
				GCC_WARN_UNUSED_VARIABLE = YES;
				IPHONEOS_DEPLOYMENT_TARGET = 10.3;
				MTL_ENABLE_DEBUG_INFO = NO;
				SDKROOT = iphoneos;
				SWIFT_OPTIMIZATION_LEVEL = "-Owholemodule";
				TARGETED_DEVICE_FAMILY = "1,2";
				VALIDATE_PRODUCT = YES;
			};
			name = Release;
		};
		F49EA1CD1E474410001091E5 /* Debug */ = {
			isa = XCBuildConfiguration;
			buildSettings = {
				ASSETCATALOG_COMPILER_APPICON_NAME = AppIcon;
				INFOPLIST_FILE = FirstHello/Info.plist;
				LD_RUNPATH_SEARCH_PATHS = "$(inherited) @executable_path/Frameworks";
				PRODUCT_BUNDLE_IDENTIFIER = gaurav.FirstHello;
				PRODUCT_NAME = "$(TARGET_NAME)";
				SWIFT_VERSION = 3.0;
				TARGETED_DEVICE_FAMILY = 1;
			};
			name = Debug;
		};
		F49EA1CE1E474410001091E5 /* Release */ = {
			isa = XCBuildConfiguration;
			buildSettings = {
				ASSETCATALOG_COMPILER_APPICON_NAME = AppIcon;
				INFOPLIST_FILE = FirstHello/Info.plist;
				LD_RUNPATH_SEARCH_PATHS = "$(inherited) @executable_path/Frameworks";
				PRODUCT_BUNDLE_IDENTIFIER = gaurav.FirstHello;
				PRODUCT_NAME = "$(TARGET_NAME)";
				SWIFT_VERSION = 3.0;
				TARGETED_DEVICE_FAMILY = 1;
			};
			name = Release;
		};
		F49EA1D01E474410001091E5 /* Debug */ = {
			isa = XCBuildConfiguration;
			buildSettings = {
				ALWAYS_EMBED_SWIFT_STANDARD_LIBRARIES = YES;
				BUNDLE_LOADER = "$(TEST_HOST)";
				INFOPLIST_FILE = FirstHelloTests/Info.plist;
				LD_RUNPATH_SEARCH_PATHS = "$(inherited) @executable_path/Frameworks @loader_path/Frameworks";
				PRODUCT_BUNDLE_IDENTIFIER = gaurav.FirstHelloTests;
				PRODUCT_NAME = "$(TARGET_NAME)";
				SWIFT_VERSION = 3.0;
				TEST_HOST = "$(BUILT_PRODUCTS_DIR)/FirstHello.app/FirstHello";
			};
			name = Debug;
		};
		F49EA1D11E474410001091E5 /* Release */ = {
			isa = XCBuildConfiguration;
			buildSettings = {
				ALWAYS_EMBED_SWIFT_STANDARD_LIBRARIES = YES;
				BUNDLE_LOADER = "$(TEST_HOST)";
				INFOPLIST_FILE = FirstHelloTests/Info.plist;
				LD_RUNPATH_SEARCH_PATHS = "$(inherited) @executable_path/Frameworks @loader_path/Frameworks";
				PRODUCT_BUNDLE_IDENTIFIER = gaurav.FirstHelloTests;
				PRODUCT_NAME = "$(TARGET_NAME)";
				SWIFT_VERSION = 3.0;
				TEST_HOST = "$(BUILT_PRODUCTS_DIR)/FirstHello.app/FirstHello";
			};
			name = Release;
		};
		F49EA1D31E474410001091E5 /* Debug */ = {
			isa = XCBuildConfiguration;
			buildSettings = {
				ALWAYS_EMBED_SWIFT_STANDARD_LIBRARIES = YES;
				INFOPLIST_FILE = FirstHelloUITests/Info.plist;
				LD_RUNPATH_SEARCH_PATHS = "$(inherited) @executable_path/Frameworks @loader_path/Frameworks";
				PRODUCT_BUNDLE_IDENTIFIER = gaurav.FirstHelloUITests;
				PRODUCT_NAME = "$(TARGET_NAME)";
				SWIFT_VERSION = 3.0;
				TEST_TARGET_NAME = FirstHello;
			};
			name = Debug;
		};
		F49EA1D41E474410001091E5 /* Release */ = {
			isa = XCBuildConfiguration;
			buildSettings = {
				ALWAYS_EMBED_SWIFT_STANDARD_LIBRARIES = YES;
				INFOPLIST_FILE = FirstHelloUITests/Info.plist;
				LD_RUNPATH_SEARCH_PATHS = "$(inherited) @executable_path/Frameworks @loader_path/Frameworks";
				PRODUCT_BUNDLE_IDENTIFIER = gaurav.FirstHelloUITests;
				PRODUCT_NAME = "$(TARGET_NAME)";
				SWIFT_VERSION = 3.0;
				TEST_TARGET_NAME = FirstHello;
			};
			name = Release;
		};
/* End XCBuildConfiguration section */

/* Begin XCConfigurationList section */
		F49EA19F1E47440F001091E5 /* Build configuration list for PBXProject "FirstHello" */ = {
			isa = XCConfigurationList;
			buildConfigurations = (
				F49EA1CA1E474410001091E5 /* Debug */,
				F49EA1CB1E474410001091E5 /* Release */,
			);
			defaultConfigurationIsVisible = 0;
			defaultConfigurationName = Release;
		};
		F49EA1CC1E474410001091E5 /* Build configuration list for PBXNativeTarget "FirstHello" */ = {
			isa = XCConfigurationList;
			buildConfigurations = (
				F49EA1CD1E474410001091E5 /* Debug */,
				F49EA1CE1E474410001091E5 /* Release */,
			);
			defaultConfigurationIsVisible = 0;
		};
		F49EA1CF1E474410001091E5 /* Build configuration list for PBXNativeTarget "FirstHelloTests" */ = {
			isa = XCConfigurationList;
			buildConfigurations = (
				F49EA1D01E474410001091E5 /* Debug */,
				F49EA1D11E474410001091E5 /* Release */,
			);
			defaultConfigurationIsVisible = 0;
		};
		F49EA1D21E474410001091E5 /* Build configuration list for PBXNativeTarget "FirstHelloUITests" */ = {
			isa = XCConfigurationList;
			buildConfigurations = (
				F49EA1D31E474410001091E5 /* Debug */,
				F49EA1D41E474410001091E5 /* Release */,
			);
			defaultConfigurationIsVisible = 0;
		};
/* End XCConfigurationList section */
	};
	rootObject = F49EA19C1E47440F001091E5 /* Project object */;
}
